// !$*UTF8*$!
{
	archiveVersion = 1;
	classes = {
	};
	objectVersion = 46;
	objects = {

/* Begin PBXBuildFile section */
		486A15B81FBC149300446E05 /* AppDelegate.swift in Sources */ = {isa = PBXBuildFile; fileRef = 486A15B71FBC149300446E05 /* AppDelegate.swift */; };
		486A15BA1FBC149300446E05 /* ViewController.swift in Sources */ = {isa = PBXBuildFile; fileRef = 486A15B91FBC149300446E05 /* ViewController.swift */; };
		486A15BD1FBC149300446E05 /* Main.storyboard in Resources */ = {isa = PBXBuildFile; fileRef = 486A15BB1FBC149300446E05 /* Main.storyboard */; };
		486A15BF1FBC149300446E05 /* Assets.xcassets in Resources */ = {isa = PBXBuildFile; fileRef = 486A15BE1FBC149300446E05 /* Assets.xcassets */; };
		486A15C21FBC149300446E05 /* LaunchScreen.storyboard in Resources */ = {isa = PBXBuildFile; fileRef = 486A15C01FBC149300446E05 /* LaunchScreen.storyboard */; };
/* End PBXBuildFile section */

/* Begin PBXFileReference section */
		486A15B41FBC149300446E05 /* Soccer Social.app */ = {isa = PBXFileReference; explicitFileType = wrapper.application; includeInIndex = 0; path = "Soccer Social.app"; sourceTree = BUILT_PRODUCTS_DIR; };
		486A15B71FBC149300446E05 /* AppDelegate.swift */ = {isa = PBXFileReference; lastKnownFileType = sourcecode.swift; path = AppDelegate.swift; sourceTree = "<group>"; };
		486A15B91FBC149300446E05 /* ViewController.swift */ = {isa = PBXFileReference; lastKnownFileType = sourcecode.swift; path = ViewController.swift; sourceTree = "<group>"; };
		486A15BC1FBC149300446E05 /* Base */ = {isa = PBXFileReference; lastKnownFileType = file.storyboard; name = Base; path = Base.lproj/Main.storyboard; sourceTree = "<group>"; };
		486A15BE1FBC149300446E05 /* Assets.xcassets */ = {isa = PBXFileReference; lastKnownFileType = folder.assetcatalog; path = Assets.xcassets; sourceTree = "<group>"; };
		486A15C11FBC149300446E05 /* Base */ = {isa = PBXFileReference; lastKnownFileType = file.storyboard; name = Base; path = Base.lproj/LaunchScreen.storyboard; sourceTree = "<group>"; };
		486A15C31FBC149300446E05 /* Info.plist */ = {isa = PBXFileReference; lastKnownFileType = text.plist.xml; path = Info.plist; sourceTree = "<group>"; };
/* End PBXFileReference section */

/* Begin PBXFrameworksBuildPhase section */
		486A15B11FBC149300446E05 /* Frameworks */ = {
			isa = PBXFrameworksBuildPhase;
			buildActionMask = 2147483647;
			files = (
			);
			runOnlyForDeploymentPostprocessing = 0;
		};
/* End PBXFrameworksBuildPhase section */

/* Begin PBXGroup section */
		486A15AB1FBC149300446E05 = {
			isa = PBXGroup;
			children = (
				486A15B61FBC149300446E05 /* Soccer Social */,
				486A15B51FBC149300446E05 /* Products */,
			);
			sourceTree = "<group>";
		};
		486A15B51FBC149300446E05 /* Products */ = {
			isa = PBXGroup;
			children = (
				486A15B41FBC149300446E05 /* Soccer Social.app */,
			);
			name = Products;
			sourceTree = "<group>";
		};
		486A15B61FBC149300446E05 /* Soccer Social */ = {
			isa = PBXGroup;
			children = (
				486A15B71FBC149300446E05 /* AppDelegate.swift */,
				486A15B91FBC149300446E05 /* ViewController.swift */,
				486A15BB1FBC149300446E05 /* Main.storyboard */,
				486A15BE1FBC149300446E05 /* Assets.xcassets */,
				486A15C01FBC149300446E05 /* LaunchScreen.storyboard */,
				486A15C31FBC149300446E05 /* Info.plist */,
			);
			path = "Soccer Social";
			sourceTree = "<group>";
		};
/* End PBXGroup section */

/* Begin PBXNativeTarget section */
		486A15B31FBC149300446E05 /* Soccer Social */ = {
			isa = PBXNativeTarget;
			buildConfigurationList = 486A15C61FBC149300446E05 /* Build configuration list for PBXNativeTarget "Soccer Social" */;
			buildPhases = (
				486A15B01FBC149300446E05 /* Sources */,
				486A15B11FBC149300446E05 /* Frameworks */,
				486A15B21FBC149300446E05 /* Resources */,
			);
			buildRules = (
			);
			dependencies = (
			);
			name = "Soccer Social";
			productName = "Soccer Social";
			productReference = 486A15B41FBC149300446E05 /* Soccer Social.app */;
			productType = "com.apple.product-type.application";
		};
/* End PBXNativeTarget section */

/* Begin PBXProject section */
		486A15AC1FBC149300446E05 /* Project object */ = {
			isa = PBXProject;
			attributes = {
				LastSwiftUpdateCheck = 0820;
				LastUpgradeCheck = 0820;
				ORGANIZATIONNAME = "Asheesh Banga";
				TargetAttributes = {
					486A15B31FBC149300446E05 = {
						CreatedOnToolsVersion = 8.2.1;
						DevelopmentTeam = L829UZTQ3K;
						ProvisioningStyle = Automatic;
					};
				};
			};
			buildConfigurationList = 486A15AF1FBC149300446E05 /* Build configuration list for PBXProject "Soccer Social" */;
			compatibilityVersion = "Xcode 3.2";
			developmentRegion = English;
			hasScannedForEncodings = 0;
			knownRegions = (
				en,
				Base,
			);
			mainGroup = 486A15AB1FBC149300446E05;
			productRefGroup = 486A15B51FBC149300446E05 /* Products */;
			projectDirPath = "";
			projectRoot = "";
			targets = (
				486A15B31FBC149300446E05 /* Soccer Social */,
			);
		};
/* End PBXProject section */

/* Begin PBXResourcesBuildPhase section */
		486A15B21FBC149300446E05 /* Resources */ = {
			isa = PBXResourcesBuildPhase;
			buildActionMask = 2147483647;
			files = (
				486A15C21FBC149300446E05 /* LaunchScreen.storyboard in Resources */,
				486A15BF1FBC149300446E05 /* Assets.xcassets in Resources */,
				486A15BD1FBC149300446E05 /* Main.storyboard in Resources */,
			);
			runOnlyForDeploymentPostprocessing = 0;
		};
/* End PBXResourcesBuildPhase section */

/* Begin PBXSourcesBuildPhase section */
		486A15B01FBC149300446E05 /* Sources */ = {
			isa = PBXSourcesBuildPhase;
			buildActionMask = 2147483647;
			files = (
				486A15BA1FBC149300446E05 /* ViewController.swift in Sources */,
				486A15B81FBC149300446E05 /* AppDelegate.swift in Sources */,
			);
			runOnlyForDeploymentPostprocessing = 0;
		};
/* End PBXSourcesBuildPhase section */

/* Begin PBXVariantGroup section */
		486A15BB1FBC149300446E05 /* Main.storyboard */ = {
			isa = PBXVariantGroup;
			children = (
				486A15BC1FBC149300446E05 /* Base */,
			);
			name = Main.storyboard;
			sourceTree = "<group>";
		};
		486A15C01FBC149300446E05 /* LaunchScreen.storyboard */ = {
			isa = PBXVariantGroup;
			children = (
				486A15C11FBC149300446E05 /* Base */,
			);
			name = LaunchScreen.storyboard;
			sourceTree = "<group>";
		};
/* End PBXVariantGroup section */

/* Begin XCBuildConfiguration section */
		486A15C41FBC149300446E05 /* Debug */ = {
			isa = XCBuildConfiguration;
			buildSettings = {
				ALWAYS_SEARCH_USER_PATHS = NO;
				CLANG_ANALYZER_NONNULL = YES;
				CLANG_CXX_LANGUAGE_STANDARD = "gnu++0x";
				CLANG_CXX_LIBRARY = "libc++";
				CLANG_ENABLE_MODULES = YES;
				CLANG_ENABLE_OBJC_ARC = YES;
				CLANG_WARN_BOOL_CONVERSION = YES;
				CLANG_WARN_CONSTANT_CONVERSION = YES;
				CLANG_WARN_DIRECT_OBJC_ISA_USAGE = YES_ERROR;
				CLANG_WARN_DOCUMENTATION_COMMENTS = YES;
				CLANG_WARN_EMPTY_BODY = YES;
				CLANG_WARN_ENUM_CONVERSION = YES;
				CLANG_WARN_INFINITE_RECURSION = YES;
				CLANG_WARN_INT_CONVERSION = YES;
				CLANG_WARN_OBJC_ROOT_CLASS = YES_ERROR;
				CLANG_WARN_SUSPICIOUS_MOVE = YES;
				CLANG_WARN_UNREACHABLE_CODE = YES;
				CLANG_WARN__DUPLICATE_METHOD_MATCH = YES;
				"CODE_SIGN_IDENTITY[sdk=iphoneos*]" = "iPhone Developer";
				COPY_PHASE_STRIP = NO;
				DEBUG_INFORMATION_FORMAT = dwarf;
				ENABLE_STRICT_OBJC_MSGSEND = YES;
				ENABLE_TESTABILITY = YES;
				GCC_C_LANGUAGE_STANDARD = gnu99;
				GCC_DYNAMIC_NO_PIC = NO;
				GCC_NO_COMMON_BLOCKS = YES;
				GCC_OPTIMIZATION_LEVEL = 0;
				GCC_PREPROCESSOR_DEFINITIONS = (
					"DEBUG=1",
					"$(inherited)",
				);
				GCC_WARN_64_TO_32_BIT_CONVERSION = YES;
				GCC_WARN_ABOUT_RETURN_TYPE = YES_ERROR;
				GCC_WARN_UNDECLARED_SELECTOR = YES;
				GCC_WARN_UNINITIALIZED_AUTOS = YES_AGGRESSIVE;
				GCC_WARN_UNUSED_FUNCTION = YES;
				GCC_WARN_UNUSED_VARIABLE = YES;
				IPHONEOS_DEPLOYMENT_TARGET = 10.2;
				MTL_ENABLE_DEBUG_INFO = YES;
				ONLY_ACTIVE_ARCH = YES;
				SDKROOT = iphoneos;
				SWIFT_ACTIVE_COMPILATION_CONDITIONS = DEBUG;
				SWIFT_OPTIMIZATION_LEVEL = "-Onone";
				TARGETED_DEVICE_FAMILY = "1,2";
			};
			name = Debug;
		};
		486A15C51FBC149300446E05 /* Release */ = {
			isa = XCBuildConfiguration;
			buildSettings = {
				ALWAYS_SEARCH_USER_PATHS = NO;
				CLANG_ANALYZER_NONNULL = YES;
				CLANG_CXX_LANGUAGE_STANDARD = "gnu++0x";
				CLANG_CXX_LIBRARY = "libc++";
				CLANG_ENABLE_MODULES = YES;
				CLANG_ENABLE_OBJC_ARC = YES;
				CLANG_WARN_BOOL_CONVERSION = YES;
				CLANG_WARN_CONSTANT_CONVERSION = YES;
				CLANG_WARN_DIRECT_OBJC_ISA_USAGE = YES_ERROR;
				CLANG_WARN_DOCUMENTATION_COMMENTS = YES;
				CLANG_WARN_EMPTY_BODY = YES;
				CLANG_WARN_ENUM_CONVERSION = YES;
				CLANG_WARN_INFINITE_RECURSION = YES;
				CLANG_WARN_INT_CONVERSION = YES;
				CLANG_WARN_OBJC_ROOT_CLASS = YES_ERROR;
				CLANG_WARN_SUSPICIOUS_MOVE = YES;
				CLANG_WARN_UNREACHABLE_CODE = YES;
				CLANG_WARN__DUPLICATE_METHOD_MATCH = YES;
				"CODE_SIGN_IDENTITY[sdk=iphoneos*]" = "iPhone Developer";
				COPY_PHASE_STRIP = NO;
				DEBUG_INFORMATION_FORMAT = "dwarf-with-dsym";
				ENABLE_NS_ASSERTIONS = NO;
				ENABLE_STRICT_OBJC_MSGSEND = YES;
				GCC_C_LANGUAGE_STANDARD = gnu99;
				GCC_NO_COMMON_BLOCKS = YES;
				GCC_WARN_64_TO_32_BIT_CONVERSION = YES;
				GCC_WARN_ABOUT_RETURN_TYPE = YES_ERROR;
				GCC_WARN_UNDECLARED_SELECTOR = YES;
				GCC_WARN_UNINITIALIZED_AUTOS = YES_AGGRESSIVE;
				GCC_WARN_UNUSED_FUNCTION = YES;
				GCC_WARN_UNUSED_VARIABLE = YES;
				IPHONEOS_DEPLOYMENT_TARGET = 10.2;
				MTL_ENABLE_DEBUG_INFO = NO;
				SDKROOT = iphoneos;
				SWIFT_OPTIMIZATION_LEVEL = "-Owholemodule";
				TARGETED_DEVICE_FAMILY = "1,2";
				VALIDATE_PRODUCT = YES;
			};
			name = Release;
		};
		486A15C71FBC149300446E05 /* Debug */ = {
			isa = XCBuildConfiguration;
			buildSettings = {
				ASSETCATALOG_COMPILER_APPICON_NAME = AppIcon;
				DEVELOPMENT_TEAM = L829UZTQ3K;
				INFOPLIST_FILE = "Soccer Social/Info.plist";
				LD_RUNPATH_SEARCH_PATHS = "$(inherited) @executable_path/Frameworks";
				PRODUCT_BUNDLE_IDENTIFIER = "com.asheeshbanga.Soccer-Social";
				PRODUCT_NAME = "$(TARGET_NAME)";
				SWIFT_VERSION = 3.0;
			};
			name = Debug;
		};
		486A15C81FBC149300446E05 /* Release */ = {
			isa = XCBuildConfiguration;
			buildSettings = {
				ASSETCATALOG_COMPILER_APPICON_NAME = AppIcon;
				DEVELOPMENT_TEAM = L829UZTQ3K;
				INFOPLIST_FILE = "Soccer Social/Info.plist";
				LD_RUNPATH_SEARCH_PATHS = "$(inherited) @executable_path/Frameworks";
				PRODUCT_BUNDLE_IDENTIFIER = "com.asheeshbanga.Soccer-Social";
				PRODUCT_NAME = "$(TARGET_NAME)";
				SWIFT_VERSION = 3.0;
			};
			name = Release;
		};
/* End XCBuildConfiguration section */

/* Begin XCConfigurationList section */
		486A15AF1FBC149300446E05 /* Build configuration list for PBXProject "Soccer Social" */ = {
			isa = XCConfigurationList;
			buildConfigurations = (
				486A15C41FBC149300446E05 /* Debug */,
				486A15C51FBC149300446E05 /* Release */,
			);
			defaultConfigurationIsVisible = 0;
			defaultConfigurationName = Release;
		};
		486A15C61FBC149300446E05 /* Build configuration list for PBXNativeTarget "Soccer Social" */ = {
			isa = XCConfigurationList;
			buildConfigurations = (
				486A15C71FBC149300446E05 /* Debug */,
				486A15C81FBC149300446E05 /* Release */,
			);
			defaultConfigurationIsVisible = 0;
		};
/* End XCConfigurationList section */
	};
	rootObject = 486A15AC1FBC149300446E05 /* Project object */;
}
